
Microsoft Visual Studio Solution File, Format Version 12.00
# Visual Studio Version 17
VisualStudioVersion = 17.0.31912.275
MinimumVisualStudioVersion = 10.0.40219.1
Project("{FAE04EC0-301F-11D3-BF4B-00C04F79EFBC}") = "PlayGround", "PlayGround\PlayGround.csproj", "{D80A42F3-5887-40A6-B298-DA319D526AF0}"
EndProject
Global
	GlobalSection(SolutionConfigurationPlatforms) = preSolution
		Debug|Any CPU = Debug|Any CPU
		Release|Any CPU = Release|Any CPU
	EndGlobalSection
	GlobalSection(ProjectConfigurationPlatforms) = postSolution
		{D80A42F3-5887-40A6-B298-DA319D526AF0}.Debug|Any CPU.ActiveCfg = Debug|Any CPU
		{D80A42F3-5887-40A6-B298-DA319D526AF0}.Debug|Any CPU.Build.0 = Debug|Any CPU
		{D80A42F3-5887-40A6-B298-DA319D526AF0}.Release|Any CPU.ActiveCfg = Release|Any CPU
		{D80A42F3-5887-40A6-B298-DA319D526AF0}.Release|Any CPU.Build.0 = Release|Any CPU
	EndGlobalSection
	GlobalSection(SolutionProperties) = preSolution
		HideSolutionNode = FALSE
	EndGlobalSection
	GlobalSection(ExtensibilityGlobals) = postSolution
		SolutionGuid = {A82B14F0-D7C3-422D-A357-B78377EEC9A6}
	EndGlobalSection
EndGlobal
